
Microsoft Visual Studio Solution File, Format Version 12.00
# Visual Studio Version 17
VisualStudioVersion = 17.11.35327.3
MinimumVisualStudioVersion = 10.0.40219.1
Project("{FAE04EC0-301F-11D3-BF4B-00C04F79EFBC}") = "STime", "STime.csproj", "{FA62D968-FA8E-4B9A-A7D4-6AB40E8C3689}"
EndProject
Global
	GlobalSection(SolutionConfigurationPlatforms) = preSolution
		Debug|Any CPU = Debug|Any CPU
		Release|Any CPU = Release|Any CPU
	EndGlobalSection
	GlobalSection(ProjectConfigurationPlatforms) = postSolution
		{FA62D968-FA8E-4B9A-A7D4-6AB40E8C3689}.Debug|Any CPU.ActiveCfg = Debug|Any CPU
		{FA62D968-FA8E-4B9A-A7D4-6AB40E8C3689}.Debug|Any CPU.Build.0 = Debug|Any CPU
		{FA62D968-FA8E-4B9A-A7D4-6AB40E8C3689}.Release|Any CPU.ActiveCfg = Release|Any CPU
		{FA62D968-FA8E-4B9A-A7D4-6AB40E8C3689}.Release|Any CPU.Build.0 = Release|Any CPU
	EndGlobalSection
	GlobalSection(SolutionProperties) = preSolution
		HideSolutionNode = FALSE
	EndGlobalSection
	GlobalSection(ExtensibilityGlobals) = postSolution
		SolutionGuid = {A373936B-EDDD-4DBB-83B5-2044C08CE8A4}
	EndGlobalSection
EndGlobal
